
Microsoft Visual Studio Solution File, Format Version 12.00
# Visual Studio 15
VisualStudioVersion = 15.0.27130.2003
MinimumVisualStudioVersion = 10.0.40219.1
Project("{FAE04EC0-301F-11D3-BF4B-00C04F79EFBC}") = "NhanVien.Domain", "NhanVien.Libary\NhanVien.Domain.csproj", "{8E1283E9-1490-446E-8972-FEE6CB9995F8}"
EndProject
Project("{FAE04EC0-301F-11D3-BF4B-00C04F79EFBC}") = "KhachHang.Domain", "KhachHang.Library\KhachHang.Domain.csproj", "{441BB1CA-F4A7-47E9-97DD-1752987F4B5D}"
EndProject
Project("{FAE04EC0-301F-11D3-BF4B-00C04F79EFBC}") = "NhaCungCap.Domain", "NhaCungCap.Library\NhaCungCap.Domain.csproj", "{CAD2190B-A158-4BA8-B16D-B6F43A8CF1C1}"
EndProject
Project("{FAE04EC0-301F-11D3-BF4B-00C04F79EFBC}") = "mainForm", "mainForm\mainForm.csproj", "{1CF2E0CD-271D-47B2-81F9-E7D6510306BB}"
EndProject
Project("{FAE04EC0-301F-11D3-BF4B-00C04F79EFBC}") = "NhanVienForm", "NhanVienForm\NhanVienForm.csproj", "{70055F84-A4E6-458D-8038-309C35DEDA1E}"
EndProject
Project("{FAE04EC0-301F-11D3-BF4B-00C04F79EFBC}") = "NhaCungCapForm", "NhaCungCapForm\NhaCungCapForm.csproj", "{391D1E0A-CCEC-48C7-A8BD-C0849E5257E7}"
EndProject
Project("{FAE04EC0-301F-11D3-BF4B-00C04F79EFBC}") = "HangHoa.Domain", "HangHoa.Library\HangHoa.Domain.csproj", "{1057AE9B-9366-4B29-8933-5734C63F5D0D}"
EndProject
Project("{FAE04EC0-301F-11D3-BF4B-00C04F79EFBC}") = "HangHoaForm", "HangHoaForm\HangHoaForm.csproj", "{C17C8125-0FED-44DF-9092-710B8FD67C28}"
EndProject
Project("{FAE04EC0-301F-11D3-BF4B-00C04F79EFBC}") = "PhieuBanHangForm", "PhieuBanHangForm\PhieuBanHangForm.csproj", "{0F6C5974-45DD-4456-B84D-941517E97341}"
EndProject
Project("{FAE04EC0-301F-11D3-BF4B-00C04F79EFBC}") = "PhieuBanHang.Domain", "PhieuBanHang.Library\PhieuBanHang.Domain.csproj", "{0C404F65-F6EC-4710-8987-0BE0ECBEC4DB}"
EndProject
Project("{FAE04EC0-301F-11D3-BF4B-00C04F79EFBC}") = "PhieuMuaHang.Domain", "PhieuMuaHang.Library\PhieuMuaHang.Domain.csproj", "{262E9B2B-C9A5-4548-BA22-106EA195CBC6}"
EndProject
Project("{FAE04EC0-301F-11D3-BF4B-00C04F79EFBC}") = "ThuChi.Domain", "ThuChi.Library\ThuChi.Domain.csproj", "{328E8840-693B-4ADF-A3E7-A961ECAC6BF5}"
EndProject
Project("{FAE04EC0-301F-11D3-BF4B-00C04F79EFBC}") = "ThuChiForm", "ThuChiForm\ThuChiForm.csproj", "{24E655E3-B2A6-440F-9D6F-0339D32F417E}"
EndProject
Project("{2150E333-8FDC-42A3-9474-1A3956D46DE8}") = "03.Data Access Layer", "03.Data Access Layer", "{8CE8801E-F50C-4D4E-8276-2F178BDE6394}"
EndProject
Project("{FAE04EC0-301F-11D3-BF4B-00C04F79EFBC}") = "HangHoa.Repository", "BaoCao.Repository\HangHoa.Repository.csproj", "{1D212168-D100-46E0-AEC5-4E98CDA74859}"
EndProject
Project("{2150E333-8FDC-42A3-9474-1A3956D46DE8}") = "01.Library", "01.Library", "{74B678C8-4141-4A77-A9DC-5700DA0ADB54}"
EndProject
Project("{2150E333-8FDC-42A3-9474-1A3956D46DE8}") = "02.Domain", "02.Domain", "{6C06C1E1-175F-47A4-9A05-12B89F3AD236}"
EndProject
Project("{2150E333-8FDC-42A3-9474-1A3956D46DE8}") = "05.Presentation Layer", "05.Presentation Layer", "{4D4C396F-0FEF-40C8-AB65-20B5733E2BA5}"
EndProject
Project("{FAE04EC0-301F-11D3-BF4B-00C04F79EFBC}") = "BaoCao.Library", "BaoCao.Library\BaoCao.Library.csproj", "{5390FB3E-D6F2-4742-AA52-27A65FE71210}"
EndProject
Project("{FAE04EC0-301F-11D3-BF4B-00C04F79EFBC}") = "NhanVien.Repository", "NhanVien.Repository\NhanVien.Repository.csproj", "{B51F2B1A-BFD2-411C-97DE-66C46C96131F}"
EndProject
Project("{FAE04EC0-301F-11D3-BF4B-00C04F79EFBC}") = "PhieuBanHang.Repository", "PhieuBanHang.Repository\PhieuBanHang.Repository.csproj", "{BEF7C846-3037-4331-B239-BA8B3F7450F0}"
EndProject
Project("{FAE04EC0-301F-11D3-BF4B-00C04F79EFBC}") = "PhieuMuaHang.Repository", "PhieuMuaHang.Repository\PhieuMuaHang.Repository.csproj", "{966A3F25-CBA1-4FF3-9B47-CD75FE320745}"
EndProject
Project("{FAE04EC0-301F-11D3-BF4B-00C04F79EFBC}") = "NhaCungCap.Repository", "NhaCungCap.Repository\NhaCungCap.Repository.csproj", "{2587CA3C-24AA-42F5-8F89-66E2E1C44F6E}"
EndProject
Project("{FAE04EC0-301F-11D3-BF4B-00C04F79EFBC}") = "ThuChi.Repository", "ThuChi.Repository\ThuChi.Repository.csproj", "{B895FDC3-6B8B-48E4-9173-D59FC74085C9}"
EndProject
Project("{FAE04EC0-301F-11D3-BF4B-00C04F79EFBC}") = "KhachHangForm", "KhachHangForm\KhachHangForm.csproj", "{88EAC526-B8B4-4F42-B6B5-9DFC1B68C6D6}"
EndProject
Project("{FAE04EC0-301F-11D3-BF4B-00C04F79EFBC}") = "KhachHang.Repository", "KhachHang.Repository\KhachHang.Repository.csproj", "{54EC22A9-E6A9-4D4E-A6F3-63A9A6506432}"
EndProject
Project("{FAE04EC0-301F-11D3-BF4B-00C04F79EFBC}") = "NhomHangHoa.Domain", "NhomHangHoa.Domain\NhomHangHoa.Domain.csproj", "{62D9E786-E5EC-4167-852B-96689FC1DB90}"
EndProject
Project("{2150E333-8FDC-42A3-9474-1A3956D46DE8}") = "04.Business Layer", "04.Business Layer", "{519F54F8-FF0F-482C-AEC7-53770BAA2A70}"
EndProject
Project("{FAE04EC0-301F-11D3-BF4B-00C04F79EFBC}") = "HangHoa.Business", "HangHoa.Business\HangHoa.Business.csproj", "{7968B5C9-8906-4F36-AE25-6F32E03237A6}"
EndProject
Project("{FAE04EC0-301F-11D3-BF4B-00C04F79EFBC}") = "NhomHangHoaRepository", "NhomHangHoaRepository\NhomHangHoaRepository.csproj", "{CFB5CC92-4396-4485-A2F4-07EF67D8870F}"
EndProject
Project("{FAE04EC0-301F-11D3-BF4B-00C04F79EFBC}") = "NhomHangHoaBusiness", "NhomHangHoaBusiness\NhomHangHoaBusiness.csproj", "{D9ED3FE2-4F18-4613-B2A7-7E088A5B7393}"
EndProject
Project("{FAE04EC0-301F-11D3-BF4B-00C04F79EFBC}") = "LoginRepository", "LoginRepository\LoginRepository.csproj", "{3E672378-F24B-4613-9059-4659A6460A95}"
EndProject
Project("{FAE04EC0-301F-11D3-BF4B-00C04F79EFBC}") = "Login.Domain", "Login.Domain\Login.Domain.csproj", "{00B4FE6C-FA6D-4038-B013-977E3EF290DF}"
EndProject
Project("{FAE04EC0-301F-11D3-BF4B-00C04F79EFBC}") = "NhanVienBusiness", "NhanVienBusiness\NhanVienBusiness.csproj", "{E1A9FEEB-9F04-46A2-89D8-E0358461C26A}"
EndProject
Project("{FAE04EC0-301F-11D3-BF4B-00C04F79EFBC}") = "KhachHangBusiness", "KhachHangBusiness\KhachHangBusiness.csproj", "{28C1E20B-03B6-4CEF-9103-B768122A78EB}"
EndProject
Project("{FAE04EC0-301F-11D3-BF4B-00C04F79EFBC}") = "NhaCungCapBusiness", "NhaCungCapSaveBusiness\NhaCungCapBusiness.csproj", "{48E933CC-705E-457A-BD9E-7153F68B06F9}"
EndProject
Project("{FAE04EC0-301F-11D3-BF4B-00C04F79EFBC}") = "PhieuMuaHangBusiness", "PhieuMuaHangBusiness\PhieuMuaHangBusiness.csproj", "{BAC70CFD-52B2-4B35-96C5-F214E1111C5D}"
EndProject
Project("{FAE04EC0-301F-11D3-BF4B-00C04F79EFBC}") = "ThuChiChart", "ThuChiChart\ThuChiChart.csproj", "{6323208C-4998-4CD7-B26B-61BC6C0D2664}"
EndProject
Project("{FAE04EC0-301F-11D3-BF4B-00C04F79EFBC}") = "DangNhapForm", "DangNhapForm\DangNhapForm.csproj", "{65C109BB-F426-49BF-B652-75EE46D61512}"
EndProject
Project("{FAE04EC0-301F-11D3-BF4B-00C04F79EFBC}") = "ThuChiBusiness", "ThuChiBusiness\ThuChiBusiness.csproj", "{1A612348-3803-4ABB-8AA8-F1A09BEDCBB4}"
EndProject
Project("{FAE04EC0-301F-11D3-BF4B-00C04F79EFBC}") = "LoginForm", "LoginForm\LoginForm.csproj", "{FCD16C02-3687-4785-A55A-C28BB9BF461E}"
EndProject
Project("{2150E333-8FDC-42A3-9474-1A3956D46DE8}") = "06. Presentation Layer Update", "06. Presentation Layer Update", "{0DC8A0D7-1AC1-4582-AF27-63E65E529639}"
EndProject
Project("{FAE04EC0-301F-11D3-BF4B-00C04F79EFBC}") = "dashboard", "dashboard\dashboard.csproj", "{64BB86F2-97B6-445C-ACB3-96195A753408}"
EndProject
Project("{FAE04EC0-301F-11D3-BF4B-00C04F79EFBC}") = "PhieuBanHangSaveBusiness", "PhieuBanHangSaveBusiness\PhieuBanHangSaveBusiness.csproj", "{5B5DE1CB-0141-411A-9126-A9523999F649}"
EndProject
Project("{FAE04EC0-301F-11D3-BF4B-00C04F79EFBC}") = "BanHangBusiness", "BanHangBusiness\BanHangBusiness.csproj", "{32BE97C1-F517-43D0-BA12-410BB5D1BC85}"
EndProject
Project("{FAE04EC0-301F-11D3-BF4B-00C04F79EFBC}") = "DanhSachBanHangBusiness", "DanhSachBanHangBusiness\DanhSachBanHangBusiness.csproj", "{A17BFEED-302F-4A67-B1B4-5412458B5A63}"
EndProject
Global
	GlobalSection(SolutionConfigurationPlatforms) = preSolution
		Debug|Any CPU = Debug|Any CPU
		Release|Any CPU = Release|Any CPU
	EndGlobalSection
	GlobalSection(ProjectConfigurationPlatforms) = postSolution
		{8E1283E9-1490-446E-8972-FEE6CB9995F8}.Debug|Any CPU.ActiveCfg = Debug|Any CPU
		{8E1283E9-1490-446E-8972-FEE6CB9995F8}.Debug|Any CPU.Build.0 = Debug|Any CPU
		{8E1283E9-1490-446E-8972-FEE6CB9995F8}.Release|Any CPU.ActiveCfg = Release|Any CPU
		{8E1283E9-1490-446E-8972-FEE6CB9995F8}.Release|Any CPU.Build.0 = Release|Any CPU
		{441BB1CA-F4A7-47E9-97DD-1752987F4B5D}.Debug|Any CPU.ActiveCfg = Debug|Any CPU
		{441BB1CA-F4A7-47E9-97DD-1752987F4B5D}.Debug|Any CPU.Build.0 = Debug|Any CPU
		{441BB1CA-F4A7-47E9-97DD-1752987F4B5D}.Release|Any CPU.ActiveCfg = Release|Any CPU
		{441BB1CA-F4A7-47E9-97DD-1752987F4B5D}.Release|Any CPU.Build.0 = Release|Any CPU
		{CAD2190B-A158-4BA8-B16D-B6F43A8CF1C1}.Debug|Any CPU.ActiveCfg = Debug|Any CPU
		{CAD2190B-A158-4BA8-B16D-B6F43A8CF1C1}.Debug|Any CPU.Build.0 = Debug|Any CPU
		{CAD2190B-A158-4BA8-B16D-B6F43A8CF1C1}.Release|Any CPU.ActiveCfg = Release|Any CPU
		{CAD2190B-A158-4BA8-B16D-B6F43A8CF1C1}.Release|Any CPU.Build.0 = Release|Any CPU
		{1CF2E0CD-271D-47B2-81F9-E7D6510306BB}.Debug|Any CPU.ActiveCfg = Debug|Any CPU
		{1CF2E0CD-271D-47B2-81F9-E7D6510306BB}.Debug|Any CPU.Build.0 = Debug|Any CPU
		{1CF2E0CD-271D-47B2-81F9-E7D6510306BB}.Release|Any CPU.ActiveCfg = Release|Any CPU
		{1CF2E0CD-271D-47B2-81F9-E7D6510306BB}.Release|Any CPU.Build.0 = Release|Any CPU
		{70055F84-A4E6-458D-8038-309C35DEDA1E}.Debug|Any CPU.ActiveCfg = Debug|Any CPU
		{70055F84-A4E6-458D-8038-309C35DEDA1E}.Debug|Any CPU.Build.0 = Debug|Any CPU
		{70055F84-A4E6-458D-8038-309C35DEDA1E}.Release|Any CPU.ActiveCfg = Release|Any CPU
		{70055F84-A4E6-458D-8038-309C35DEDA1E}.Release|Any CPU.Build.0 = Release|Any CPU
		{391D1E0A-CCEC-48C7-A8BD-C0849E5257E7}.Debug|Any CPU.ActiveCfg = Debug|Any CPU
		{391D1E0A-CCEC-48C7-A8BD-C0849E5257E7}.Debug|Any CPU.Build.0 = Debug|Any CPU
		{391D1E0A-CCEC-48C7-A8BD-C0849E5257E7}.Release|Any CPU.ActiveCfg = Release|Any CPU
		{391D1E0A-CCEC-48C7-A8BD-C0849E5257E7}.Release|Any CPU.Build.0 = Release|Any CPU
		{1057AE9B-9366-4B29-8933-5734C63F5D0D}.Debug|Any CPU.ActiveCfg = Debug|Any CPU
		{1057AE9B-9366-4B29-8933-5734C63F5D0D}.Debug|Any CPU.Build.0 = Debug|Any CPU
		{1057AE9B-9366-4B29-8933-5734C63F5D0D}.Release|Any CPU.ActiveCfg = Release|Any CPU
		{1057AE9B-9366-4B29-8933-5734C63F5D0D}.Release|Any CPU.Build.0 = Release|Any CPU
		{C17C8125-0FED-44DF-9092-710B8FD67C28}.Debug|Any CPU.ActiveCfg = Debug|Any CPU
		{C17C8125-0FED-44DF-9092-710B8FD67C28}.Debug|Any CPU.Build.0 = Debug|Any CPU
		{C17C8125-0FED-44DF-9092-710B8FD67C28}.Release|Any CPU.ActiveCfg = Release|Any CPU
		{C17C8125-0FED-44DF-9092-710B8FD67C28}.Release|Any CPU.Build.0 = Release|Any CPU
		{0F6C5974-45DD-4456-B84D-941517E97341}.Debug|Any CPU.ActiveCfg = Debug|Any CPU
		{0F6C5974-45DD-4456-B84D-941517E97341}.Debug|Any CPU.Build.0 = Debug|Any CPU
		{0F6C5974-45DD-4456-B84D-941517E97341}.Release|Any CPU.ActiveCfg = Release|Any CPU
		{0F6C5974-45DD-4456-B84D-941517E97341}.Release|Any CPU.Build.0 = Release|Any CPU
		{0C404F65-F6EC-4710-8987-0BE0ECBEC4DB}.Debug|Any CPU.ActiveCfg = Debug|Any CPU
		{0C404F65-F6EC-4710-8987-0BE0ECBEC4DB}.Debug|Any CPU.Build.0 = Debug|Any CPU
		{0C404F65-F6EC-4710-8987-0BE0ECBEC4DB}.Release|Any CPU.ActiveCfg = Release|Any CPU
		{0C404F65-F6EC-4710-8987-0BE0ECBEC4DB}.Release|Any CPU.Build.0 = Release|Any CPU
		{262E9B2B-C9A5-4548-BA22-106EA195CBC6}.Debug|Any CPU.ActiveCfg = Debug|Any CPU
		{262E9B2B-C9A5-4548-BA22-106EA195CBC6}.Debug|Any CPU.Build.0 = Debug|Any CPU
		{262E9B2B-C9A5-4548-BA22-106EA195CBC6}.Release|Any CPU.ActiveCfg = Release|Any CPU
		{262E9B2B-C9A5-4548-BA22-106EA195CBC6}.Release|Any CPU.Build.0 = Release|Any CPU
		{328E8840-693B-4ADF-A3E7-A961ECAC6BF5}.Debug|Any CPU.ActiveCfg = Debug|Any CPU
		{328E8840-693B-4ADF-A3E7-A961ECAC6BF5}.Debug|Any CPU.Build.0 = Debug|Any CPU
		{328E8840-693B-4ADF-A3E7-A961ECAC6BF5}.Release|Any CPU.ActiveCfg = Release|Any CPU
		{328E8840-693B-4ADF-A3E7-A961ECAC6BF5}.Release|Any CPU.Build.0 = Release|Any CPU
		{24E655E3-B2A6-440F-9D6F-0339D32F417E}.Debug|Any CPU.ActiveCfg = Debug|Any CPU
		{24E655E3-B2A6-440F-9D6F-0339D32F417E}.Debug|Any CPU.Build.0 = Debug|Any CPU
		{24E655E3-B2A6-440F-9D6F-0339D32F417E}.Release|Any CPU.ActiveCfg = Release|Any CPU
		{24E655E3-B2A6-440F-9D6F-0339D32F417E}.Release|Any CPU.Build.0 = Release|Any CPU
		{1D212168-D100-46E0-AEC5-4E98CDA74859}.Debug|Any CPU.ActiveCfg = Debug|Any CPU
		{1D212168-D100-46E0-AEC5-4E98CDA74859}.Debug|Any CPU.Build.0 = Debug|Any CPU
		{1D212168-D100-46E0-AEC5-4E98CDA74859}.Release|Any CPU.ActiveCfg = Release|Any CPU
		{1D212168-D100-46E0-AEC5-4E98CDA74859}.Release|Any CPU.Build.0 = Release|Any CPU
		{5390FB3E-D6F2-4742-AA52-27A65FE71210}.Debug|Any CPU.ActiveCfg = Debug|Any CPU
		{5390FB3E-D6F2-4742-AA52-27A65FE71210}.Debug|Any CPU.Build.0 = Debug|Any CPU
		{5390FB3E-D6F2-4742-AA52-27A65FE71210}.Release|Any CPU.ActiveCfg = Release|Any CPU
		{5390FB3E-D6F2-4742-AA52-27A65FE71210}.Release|Any CPU.Build.0 = Release|Any CPU
		{B51F2B1A-BFD2-411C-97DE-66C46C96131F}.Debug|Any CPU.ActiveCfg = Debug|Any CPU
		{B51F2B1A-BFD2-411C-97DE-66C46C96131F}.Debug|Any CPU.Build.0 = Debug|Any CPU
		{B51F2B1A-BFD2-411C-97DE-66C46C96131F}.Release|Any CPU.ActiveCfg = Release|Any CPU
		{B51F2B1A-BFD2-411C-97DE-66C46C96131F}.Release|Any CPU.Build.0 = Release|Any CPU
		{BEF7C846-3037-4331-B239-BA8B3F7450F0}.Debug|Any CPU.ActiveCfg = Debug|Any CPU
		{BEF7C846-3037-4331-B239-BA8B3F7450F0}.Debug|Any CPU.Build.0 = Debug|Any CPU
		{BEF7C846-3037-4331-B239-BA8B3F7450F0}.Release|Any CPU.ActiveCfg = Release|Any CPU
		{BEF7C846-3037-4331-B239-BA8B3F7450F0}.Release|Any CPU.Build.0 = Release|Any CPU
		{966A3F25-CBA1-4FF3-9B47-CD75FE320745}.Debug|Any CPU.ActiveCfg = Debug|Any CPU
		{966A3F25-CBA1-4FF3-9B47-CD75FE320745}.Debug|Any CPU.Build.0 = Debug|Any CPU
		{966A3F25-CBA1-4FF3-9B47-CD75FE320745}.Release|Any CPU.ActiveCfg = Release|Any CPU
		{966A3F25-CBA1-4FF3-9B47-CD75FE320745}.Release|Any CPU.Build.0 = Release|Any CPU
		{2587CA3C-24AA-42F5-8F89-66E2E1C44F6E}.Debug|Any CPU.ActiveCfg = Debug|Any CPU
		{2587CA3C-24AA-42F5-8F89-66E2E1C44F6E}.Debug|Any CPU.Build.0 = Debug|Any CPU
		{2587CA3C-24AA-42F5-8F89-66E2E1C44F6E}.Release|Any CPU.ActiveCfg = Release|Any CPU
		{2587CA3C-24AA-42F5-8F89-66E2E1C44F6E}.Release|Any CPU.Build.0 = Release|Any CPU
		{B895FDC3-6B8B-48E4-9173-D59FC74085C9}.Debug|Any CPU.ActiveCfg = Debug|Any CPU
		{B895FDC3-6B8B-48E4-9173-D59FC74085C9}.Debug|Any CPU.Build.0 = Debug|Any CPU
		{B895FDC3-6B8B-48E4-9173-D59FC74085C9}.Release|Any CPU.ActiveCfg = Release|Any CPU
		{B895FDC3-6B8B-48E4-9173-D59FC74085C9}.Release|Any CPU.Build.0 = Release|Any CPU
		{88EAC526-B8B4-4F42-B6B5-9DFC1B68C6D6}.Debug|Any CPU.ActiveCfg = Debug|Any CPU
		{88EAC526-B8B4-4F42-B6B5-9DFC1B68C6D6}.Debug|Any CPU.Build.0 = Debug|Any CPU
		{88EAC526-B8B4-4F42-B6B5-9DFC1B68C6D6}.Release|Any CPU.ActiveCfg = Release|Any CPU
		{88EAC526-B8B4-4F42-B6B5-9DFC1B68C6D6}.Release|Any CPU.Build.0 = Release|Any CPU
		{54EC22A9-E6A9-4D4E-A6F3-63A9A6506432}.Debug|Any CPU.ActiveCfg = Debug|Any CPU
		{54EC22A9-E6A9-4D4E-A6F3-63A9A6506432}.Debug|Any CPU.Build.0 = Debug|Any CPU
		{54EC22A9-E6A9-4D4E-A6F3-63A9A6506432}.Release|Any CPU.ActiveCfg = Release|Any CPU
		{54EC22A9-E6A9-4D4E-A6F3-63A9A6506432}.Release|Any CPU.Build.0 = Release|Any CPU
		{62D9E786-E5EC-4167-852B-96689FC1DB90}.Debug|Any CPU.ActiveCfg = Debug|Any CPU
		{62D9E786-E5EC-4167-852B-96689FC1DB90}.Debug|Any CPU.Build.0 = Debug|Any CPU
		{62D9E786-E5EC-4167-852B-96689FC1DB90}.Release|Any CPU.ActiveCfg = Release|Any CPU
		{62D9E786-E5EC-4167-852B-96689FC1DB90}.Release|Any CPU.Build.0 = Release|Any CPU
		{7968B5C9-8906-4F36-AE25-6F32E03237A6}.Debug|Any CPU.ActiveCfg = Debug|Any CPU
		{7968B5C9-8906-4F36-AE25-6F32E03237A6}.Debug|Any CPU.Build.0 = Debug|Any CPU
		{7968B5C9-8906-4F36-AE25-6F32E03237A6}.Release|Any CPU.ActiveCfg = Release|Any CPU
		{7968B5C9-8906-4F36-AE25-6F32E03237A6}.Release|Any CPU.Build.0 = Release|Any CPU
		{CFB5CC92-4396-4485-A2F4-07EF67D8870F}.Debug|Any CPU.ActiveCfg = Debug|Any CPU
		{CFB5CC92-4396-4485-A2F4-07EF67D8870F}.Debug|Any CPU.Build.0 = Debug|Any CPU
		{CFB5CC92-4396-4485-A2F4-07EF67D8870F}.Release|Any CPU.ActiveCfg = Release|Any CPU
		{CFB5CC92-4396-4485-A2F4-07EF67D8870F}.Release|Any CPU.Build.0 = Release|Any CPU
		{D9ED3FE2-4F18-4613-B2A7-7E088A5B7393}.Debug|Any CPU.ActiveCfg = Debug|Any CPU
		{D9ED3FE2-4F18-4613-B2A7-7E088A5B7393}.Debug|Any CPU.Build.0 = Debug|Any CPU
		{D9ED3FE2-4F18-4613-B2A7-7E088A5B7393}.Release|Any CPU.ActiveCfg = Release|Any CPU
		{D9ED3FE2-4F18-4613-B2A7-7E088A5B7393}.Release|Any CPU.Build.0 = Release|Any CPU
		{3E672378-F24B-4613-9059-4659A6460A95}.Debug|Any CPU.ActiveCfg = Debug|Any CPU
		{3E672378-F24B-4613-9059-4659A6460A95}.Debug|Any CPU.Build.0 = Debug|Any CPU
		{3E672378-F24B-4613-9059-4659A6460A95}.Release|Any CPU.ActiveCfg = Release|Any CPU
		{3E672378-F24B-4613-9059-4659A6460A95}.Release|Any CPU.Build.0 = Release|Any CPU
		{00B4FE6C-FA6D-4038-B013-977E3EF290DF}.Debug|Any CPU.ActiveCfg = Debug|Any CPU
		{00B4FE6C-FA6D-4038-B013-977E3EF290DF}.Debug|Any CPU.Build.0 = Debug|Any CPU
		{00B4FE6C-FA6D-4038-B013-977E3EF290DF}.Release|Any CPU.ActiveCfg = Release|Any CPU
		{00B4FE6C-FA6D-4038-B013-977E3EF290DF}.Release|Any CPU.Build.0 = Release|Any CPU
		{E1A9FEEB-9F04-46A2-89D8-E0358461C26A}.Debug|Any CPU.ActiveCfg = Debug|Any CPU
		{E1A9FEEB-9F04-46A2-89D8-E0358461C26A}.Debug|Any CPU.Build.0 = Debug|Any CPU
		{E1A9FEEB-9F04-46A2-89D8-E0358461C26A}.Release|Any CPU.ActiveCfg = Release|Any CPU
		{E1A9FEEB-9F04-46A2-89D8-E0358461C26A}.Release|Any CPU.Build.0 = Release|Any CPU
		{28C1E20B-03B6-4CEF-9103-B768122A78EB}.Debug|Any CPU.ActiveCfg = Debug|Any CPU
		{28C1E20B-03B6-4CEF-9103-B768122A78EB}.Debug|Any CPU.Build.0 = Debug|Any CPU
		{28C1E20B-03B6-4CEF-9103-B768122A78EB}.Release|Any CPU.ActiveCfg = Release|Any CPU
		{28C1E20B-03B6-4CEF-9103-B768122A78EB}.Release|Any CPU.Build.0 = Release|Any CPU
		{48E933CC-705E-457A-BD9E-7153F68B06F9}.Debug|Any CPU.ActiveCfg = Debug|Any CPU
		{48E933CC-705E-457A-BD9E-7153F68B06F9}.Debug|Any CPU.Build.0 = Debug|Any CPU
		{48E933CC-705E-457A-BD9E-7153F68B06F9}.Release|Any CPU.ActiveCfg = Release|Any CPU
		{48E933CC-705E-457A-BD9E-7153F68B06F9}.Release|Any CPU.Build.0 = Release|Any CPU
		{BAC70CFD-52B2-4B35-96C5-F214E1111C5D}.Debug|Any CPU.ActiveCfg = Debug|Any CPU
		{BAC70CFD-52B2-4B35-96C5-F214E1111C5D}.Debug|Any CPU.Build.0 = Debug|Any CPU
		{BAC70CFD-52B2-4B35-96C5-F214E1111C5D}.Release|Any CPU.ActiveCfg = Release|Any CPU
		{BAC70CFD-52B2-4B35-96C5-F214E1111C5D}.Release|Any CPU.Build.0 = Release|Any CPU
		{6323208C-4998-4CD7-B26B-61BC6C0D2664}.Debug|Any CPU.ActiveCfg = Debug|Any CPU
		{6323208C-4998-4CD7-B26B-61BC6C0D2664}.Debug|Any CPU.Build.0 = Debug|Any CPU
		{6323208C-4998-4CD7-B26B-61BC6C0D2664}.Release|Any CPU.ActiveCfg = Release|Any CPU
		{6323208C-4998-4CD7-B26B-61BC6C0D2664}.Release|Any CPU.Build.0 = Release|Any CPU
		{65C109BB-F426-49BF-B652-75EE46D61512}.Debug|Any CPU.ActiveCfg = Debug|Any CPU
		{65C109BB-F426-49BF-B652-75EE46D61512}.Debug|Any CPU.Build.0 = Debug|Any CPU
		{65C109BB-F426-49BF-B652-75EE46D61512}.Release|Any CPU.ActiveCfg = Release|Any CPU
		{65C109BB-F426-49BF-B652-75EE46D61512}.Release|Any CPU.Build.0 = Release|Any CPU
		{1A612348-3803-4ABB-8AA8-F1A09BEDCBB4}.Debug|Any CPU.ActiveCfg = Debug|Any CPU
		{1A612348-3803-4ABB-8AA8-F1A09BEDCBB4}.Debug|Any CPU.Build.0 = Debug|Any CPU
		{1A612348-3803-4ABB-8AA8-F1A09BEDCBB4}.Release|Any CPU.ActiveCfg = Release|Any CPU
		{1A612348-3803-4ABB-8AA8-F1A09BEDCBB4}.Release|Any CPU.Build.0 = Release|Any CPU
		{FCD16C02-3687-4785-A55A-C28BB9BF461E}.Debug|Any CPU.ActiveCfg = Debug|Any CPU
		{FCD16C02-3687-4785-A55A-C28BB9BF461E}.Debug|Any CPU.Build.0 = Debug|Any CPU
		{FCD16C02-3687-4785-A55A-C28BB9BF461E}.Release|Any CPU.ActiveCfg = Release|Any CPU
		{FCD16C02-3687-4785-A55A-C28BB9BF461E}.Release|Any CPU.Build.0 = Release|Any CPU
		{64BB86F2-97B6-445C-ACB3-96195A753408}.Debug|Any CPU.ActiveCfg = Debug|Any CPU
		{64BB86F2-97B6-445C-ACB3-96195A753408}.Debug|Any CPU.Build.0 = Debug|Any CPU
		{64BB86F2-97B6-445C-ACB3-96195A753408}.Release|Any CPU.ActiveCfg = Release|Any CPU
		{64BB86F2-97B6-445C-ACB3-96195A753408}.Release|Any CPU.Build.0 = Release|Any CPU
		{5B5DE1CB-0141-411A-9126-A9523999F649}.Debug|Any CPU.ActiveCfg = Debug|Any CPU
		{5B5DE1CB-0141-411A-9126-A9523999F649}.Debug|Any CPU.Build.0 = Debug|Any CPU
		{5B5DE1CB-0141-411A-9126-A9523999F649}.Release|Any CPU.ActiveCfg = Release|Any CPU
		{5B5DE1CB-0141-411A-9126-A9523999F649}.Release|Any CPU.Build.0 = Release|Any CPU
		{32BE97C1-F517-43D0-BA12-410BB5D1BC85}.Debug|Any CPU.ActiveCfg = Debug|Any CPU
		{32BE97C1-F517-43D0-BA12-410BB5D1BC85}.Debug|Any CPU.Build.0 = Debug|Any CPU
		{32BE97C1-F517-43D0-BA12-410BB5D1BC85}.Release|Any CPU.ActiveCfg = Release|Any CPU
		{32BE97C1-F517-43D0-BA12-410BB5D1BC85}.Release|Any CPU.Build.0 = Release|Any CPU
		{A17BFEED-302F-4A67-B1B4-5412458B5A63}.Debug|Any CPU.ActiveCfg = Debug|Any CPU
		{A17BFEED-302F-4A67-B1B4-5412458B5A63}.Debug|Any CPU.Build.0 = Debug|Any CPU
		{A17BFEED-302F-4A67-B1B4-5412458B5A63}.Release|Any CPU.ActiveCfg = Release|Any CPU
		{A17BFEED-302F-4A67-B1B4-5412458B5A63}.Release|Any CPU.Build.0 = Release|Any CPU
	EndGlobalSection
	GlobalSection(SolutionProperties) = preSolution
		HideSolutionNode = FALSE
	EndGlobalSection
	GlobalSection(NestedProjects) = preSolution
		{8E1283E9-1490-446E-8972-FEE6CB9995F8} = {6C06C1E1-175F-47A4-9A05-12B89F3AD236}
		{441BB1CA-F4A7-47E9-97DD-1752987F4B5D} = {6C06C1E1-175F-47A4-9A05-12B89F3AD236}
		{CAD2190B-A158-4BA8-B16D-B6F43A8CF1C1} = {6C06C1E1-175F-47A4-9A05-12B89F3AD236}
		{1CF2E0CD-271D-47B2-81F9-E7D6510306BB} = {4D4C396F-0FEF-40C8-AB65-20B5733E2BA5}
		{70055F84-A4E6-458D-8038-309C35DEDA1E} = {4D4C396F-0FEF-40C8-AB65-20B5733E2BA5}
		{391D1E0A-CCEC-48C7-A8BD-C0849E5257E7} = {4D4C396F-0FEF-40C8-AB65-20B5733E2BA5}
		{1057AE9B-9366-4B29-8933-5734C63F5D0D} = {6C06C1E1-175F-47A4-9A05-12B89F3AD236}
		{C17C8125-0FED-44DF-9092-710B8FD67C28} = {4D4C396F-0FEF-40C8-AB65-20B5733E2BA5}
		{0F6C5974-45DD-4456-B84D-941517E97341} = {4D4C396F-0FEF-40C8-AB65-20B5733E2BA5}
		{0C404F65-F6EC-4710-8987-0BE0ECBEC4DB} = {6C06C1E1-175F-47A4-9A05-12B89F3AD236}
		{262E9B2B-C9A5-4548-BA22-106EA195CBC6} = {6C06C1E1-175F-47A4-9A05-12B89F3AD236}
		{328E8840-693B-4ADF-A3E7-A961ECAC6BF5} = {6C06C1E1-175F-47A4-9A05-12B89F3AD236}
		{24E655E3-B2A6-440F-9D6F-0339D32F417E} = {4D4C396F-0FEF-40C8-AB65-20B5733E2BA5}
		{1D212168-D100-46E0-AEC5-4E98CDA74859} = {8CE8801E-F50C-4D4E-8276-2F178BDE6394}
		{5390FB3E-D6F2-4742-AA52-27A65FE71210} = {74B678C8-4141-4A77-A9DC-5700DA0ADB54}
		{B51F2B1A-BFD2-411C-97DE-66C46C96131F} = {8CE8801E-F50C-4D4E-8276-2F178BDE6394}
		{BEF7C846-3037-4331-B239-BA8B3F7450F0} = {8CE8801E-F50C-4D4E-8276-2F178BDE6394}
		{966A3F25-CBA1-4FF3-9B47-CD75FE320745} = {8CE8801E-F50C-4D4E-8276-2F178BDE6394}
		{2587CA3C-24AA-42F5-8F89-66E2E1C44F6E} = {8CE8801E-F50C-4D4E-8276-2F178BDE6394}
		{B895FDC3-6B8B-48E4-9173-D59FC74085C9} = {8CE8801E-F50C-4D4E-8276-2F178BDE6394}
		{88EAC526-B8B4-4F42-B6B5-9DFC1B68C6D6} = {4D4C396F-0FEF-40C8-AB65-20B5733E2BA5}
		{54EC22A9-E6A9-4D4E-A6F3-63A9A6506432} = {8CE8801E-F50C-4D4E-8276-2F178BDE6394}
		{62D9E786-E5EC-4167-852B-96689FC1DB90} = {6C06C1E1-175F-47A4-9A05-12B89F3AD236}
		{7968B5C9-8906-4F36-AE25-6F32E03237A6} = {519F54F8-FF0F-482C-AEC7-53770BAA2A70}
		{CFB5CC92-4396-4485-A2F4-07EF67D8870F} = {8CE8801E-F50C-4D4E-8276-2F178BDE6394}
		{D9ED3FE2-4F18-4613-B2A7-7E088A5B7393} = {519F54F8-FF0F-482C-AEC7-53770BAA2A70}
		{3E672378-F24B-4613-9059-4659A6460A95} = {8CE8801E-F50C-4D4E-8276-2F178BDE6394}
		{00B4FE6C-FA6D-4038-B013-977E3EF290DF} = {6C06C1E1-175F-47A4-9A05-12B89F3AD236}
		{E1A9FEEB-9F04-46A2-89D8-E0358461C26A} = {519F54F8-FF0F-482C-AEC7-53770BAA2A70}
		{28C1E20B-03B6-4CEF-9103-B768122A78EB} = {519F54F8-FF0F-482C-AEC7-53770BAA2A70}
		{48E933CC-705E-457A-BD9E-7153F68B06F9} = {519F54F8-FF0F-482C-AEC7-53770BAA2A70}
		{BAC70CFD-52B2-4B35-96C5-F214E1111C5D} = {519F54F8-FF0F-482C-AEC7-53770BAA2A70}
		{6323208C-4998-4CD7-B26B-61BC6C0D2664} = {8CE8801E-F50C-4D4E-8276-2F178BDE6394}
		{65C109BB-F426-49BF-B652-75EE46D61512} = {4D4C396F-0FEF-40C8-AB65-20B5733E2BA5}
		{1A612348-3803-4ABB-8AA8-F1A09BEDCBB4} = {519F54F8-FF0F-482C-AEC7-53770BAA2A70}
		{FCD16C02-3687-4785-A55A-C28BB9BF461E} = {0DC8A0D7-1AC1-4582-AF27-63E65E529639}
		{64BB86F2-97B6-445C-ACB3-96195A753408} = {0DC8A0D7-1AC1-4582-AF27-63E65E529639}
		{5B5DE1CB-0141-411A-9126-A9523999F649} = {519F54F8-FF0F-482C-AEC7-53770BAA2A70}
		{32BE97C1-F517-43D0-BA12-410BB5D1BC85} = {519F54F8-FF0F-482C-AEC7-53770BAA2A70}
		{A17BFEED-302F-4A67-B1B4-5412458B5A63} = {519F54F8-FF0F-482C-AEC7-53770BAA2A70}
	EndGlobalSection
	GlobalSection(ExtensibilityGlobals) = postSolution
		SolutionGuid = {AB0D4EBB-3916-4DA9-968C-C90FD0EA8F18}
	EndGlobalSection
EndGlobal
